
Microsoft Visual Studio Solution File, Format Version 12.00
# Visual Studio Version 16
VisualStudioVersion = 16.0.30011.22
MinimumVisualStudioVersion = 10.0.40219.1
Project("{FAE04EC0-301F-11D3-BF4B-00C04F79EFBC}") = "ProjetoGit", "ProjetoGit\ProjetoGit.csproj", "{B58642FE-1CE6-40A8-85BF-B163EC7D3A27}"
EndProject
Global
	GlobalSection(SolutionConfigurationPlatforms) = preSolution
		Debug|Any CPU = Debug|Any CPU
		Release|Any CPU = Release|Any CPU
	EndGlobalSection
	GlobalSection(ProjectConfigurationPlatforms) = postSolution
		{B58642FE-1CE6-40A8-85BF-B163EC7D3A27}.Debug|Any CPU.ActiveCfg = Debug|Any CPU
		{B58642FE-1CE6-40A8-85BF-B163EC7D3A27}.Debug|Any CPU.Build.0 = Debug|Any CPU
		{B58642FE-1CE6-40A8-85BF-B163EC7D3A27}.Release|Any CPU.ActiveCfg = Release|Any CPU
		{B58642FE-1CE6-40A8-85BF-B163EC7D3A27}.Release|Any CPU.Build.0 = Release|Any CPU
	EndGlobalSection
	GlobalSection(SolutionProperties) = preSolution
		HideSolutionNode = FALSE
	EndGlobalSection
	GlobalSection(ExtensibilityGlobals) = postSolution
		SolutionGuid = {A4AE79A6-02AC-4BA0-8E66-CA8CD1825F0B}
	EndGlobalSection
EndGlobal
